
Microsoft Visual Studio Solution File, Format Version 12.00
# Visual Studio 15
VisualStudioVersion = 15.0.28010.2041
MinimumVisualStudioVersion = 10.0.40219.1
Project("{FAE04EC0-301F-11D3-BF4B-00C04F79EFBC}") = "KN DefectMap", "KN DefectMap.csproj", "{1D3C8AA3-635D-45D4-811B-CB4329D0A456}"
EndProject
Global
	GlobalSection(SolutionConfigurationPlatforms) = preSolution
		Debug|Any CPU = Debug|Any CPU
		Debug|x86 = Debug|x86
		Release|Any CPU = Release|Any CPU
		Release|x86 = Release|x86
	EndGlobalSection
	GlobalSection(ProjectConfigurationPlatforms) = postSolution
		{1D3C8AA3-635D-45D4-811B-CB4329D0A456}.Debug|Any CPU.ActiveCfg = Debug|Any CPU
		{1D3C8AA3-635D-45D4-811B-CB4329D0A456}.Debug|Any CPU.Build.0 = Debug|Any CPU
		{1D3C8AA3-635D-45D4-811B-CB4329D0A456}.Debug|x86.ActiveCfg = Debug|x86
		{1D3C8AA3-635D-45D4-811B-CB4329D0A456}.Debug|x86.Build.0 = Debug|x86
		{1D3C8AA3-635D-45D4-811B-CB4329D0A456}.Release|Any CPU.ActiveCfg = Release|Any CPU
		{1D3C8AA3-635D-45D4-811B-CB4329D0A456}.Release|Any CPU.Build.0 = Release|Any CPU
		{1D3C8AA3-635D-45D4-811B-CB4329D0A456}.Release|x86.ActiveCfg = Release|x86
		{1D3C8AA3-635D-45D4-811B-CB4329D0A456}.Release|x86.Build.0 = Release|x86
	EndGlobalSection
	GlobalSection(SolutionProperties) = preSolution
		HideSolutionNode = FALSE
	EndGlobalSection
	GlobalSection(ExtensibilityGlobals) = postSolution
		SolutionGuid = {14500BEC-A080-4E9A-ABE9-0FC03D8190C1}
	EndGlobalSection
EndGlobal
